
Microsoft Visual Studio Solution File, Format Version 12.00
# Visual Studio 15
VisualStudioVersion = 15.0.28307.572
MinimumVisualStudioVersion = 10.0.40219.1
Project("{FAE04EC0-301F-11D3-BF4B-00C04F79EFBC}") = "crud01", "crud01\crud01.csproj", "{91DEF90C-01FE-4A62-8455-107DFAF8AD55}"
EndProject
Project("{FAE04EC0-301F-11D3-BF4B-00C04F79EFBC}") = "crud02", "crud02\crud02.csproj", "{E83C3C33-BECF-482F-9B72-49E823A3725A}"
EndProject
Project("{FAE04EC0-301F-11D3-BF4B-00C04F79EFBC}") = "crud03", "crud03\crud03.csproj", "{F6294B9B-F884-4F0A-B6EC-D7F88344044E}"
EndProject
Project("{FAE04EC0-301F-11D3-BF4B-00C04F79EFBC}") = "crud04", "crud04\crud04.csproj", "{24229941-27CD-4EA6-8D46-40506DF01E09}"
EndProject
Global
	GlobalSection(SolutionConfigurationPlatforms) = preSolution
		Debug|Any CPU = Debug|Any CPU
		Release|Any CPU = Release|Any CPU
	EndGlobalSection
	GlobalSection(ProjectConfigurationPlatforms) = postSolution
		{91DEF90C-01FE-4A62-8455-107DFAF8AD55}.Debug|Any CPU.ActiveCfg = Debug|Any CPU
		{91DEF90C-01FE-4A62-8455-107DFAF8AD55}.Debug|Any CPU.Build.0 = Debug|Any CPU
		{91DEF90C-01FE-4A62-8455-107DFAF8AD55}.Release|Any CPU.ActiveCfg = Release|Any CPU
		{91DEF90C-01FE-4A62-8455-107DFAF8AD55}.Release|Any CPU.Build.0 = Release|Any CPU
		{E83C3C33-BECF-482F-9B72-49E823A3725A}.Debug|Any CPU.ActiveCfg = Debug|Any CPU
		{E83C3C33-BECF-482F-9B72-49E823A3725A}.Debug|Any CPU.Build.0 = Debug|Any CPU
		{E83C3C33-BECF-482F-9B72-49E823A3725A}.Release|Any CPU.ActiveCfg = Release|Any CPU
		{E83C3C33-BECF-482F-9B72-49E823A3725A}.Release|Any CPU.Build.0 = Release|Any CPU
		{F6294B9B-F884-4F0A-B6EC-D7F88344044E}.Debug|Any CPU.ActiveCfg = Debug|Any CPU
		{F6294B9B-F884-4F0A-B6EC-D7F88344044E}.Debug|Any CPU.Build.0 = Debug|Any CPU
		{F6294B9B-F884-4F0A-B6EC-D7F88344044E}.Release|Any CPU.ActiveCfg = Release|Any CPU
		{F6294B9B-F884-4F0A-B6EC-D7F88344044E}.Release|Any CPU.Build.0 = Release|Any CPU
		{24229941-27CD-4EA6-8D46-40506DF01E09}.Debug|Any CPU.ActiveCfg = Debug|Any CPU
		{24229941-27CD-4EA6-8D46-40506DF01E09}.Debug|Any CPU.Build.0 = Debug|Any CPU
		{24229941-27CD-4EA6-8D46-40506DF01E09}.Release|Any CPU.ActiveCfg = Release|Any CPU
		{24229941-27CD-4EA6-8D46-40506DF01E09}.Release|Any CPU.Build.0 = Release|Any CPU
	EndGlobalSection
	GlobalSection(SolutionProperties) = preSolution
		HideSolutionNode = FALSE
	EndGlobalSection
	GlobalSection(ExtensibilityGlobals) = postSolution
		SolutionGuid = {110BC78F-06FC-4FE2-917D-D95546F29631}
	EndGlobalSection
EndGlobal
